Microsoft Visual Studio Solution File, Format Version 12.00
# Visual Studio Version 17
VisualStudioVersion = 17.0.31912.275
MinimumVisualStudioVersion = 10.0.40219.1
Project("{FAE04EC0-301F-11D3-BF4B-00C04F79EFBC}") = "Api", "src\\Api\\Api.csproj", "{31ADC765-3FDF-4A7C-8735-CEA53250024B}"
EndProject
Project("{FAE04EC0-301F-11D3-BF4B-00C04F79EFBC}") = "Application", "src\\Application\\Application.csproj", "{B7650CE4-6B71-44DD-BD77-9E17A376D5DA}"
EndProject
Project("{FAE04EC0-301F-11D3-BF4B-00C04F79EFBC}") = "Domain", "src\\Domain\\Domain.csproj", "{1979105A-38DF-424A-81C0-561D9F1FFC60}"
EndProject
Project("{FAE04EC0-301F-11D3-BF4B-00C04F79EFBC}") = "Infrastructure", "src\\Infrastructure\\Infrastructure.csproj", "{5C7DEBBC-C0BF-4E33-A6D2-9135393DDF9B}"
EndProject
Project("{FAE04EC0-301F-11D3-BF4B-00C04F79EFBC}") = "Domain.Tests", "tests\\Domain.Tests\\Domain.Tests.csproj", "{A89E7C59-9F3F-4170-9B14-24F3F41E3EE8}"
EndProject
Global
    GlobalSection(SolutionConfigurationPlatforms) = preSolution
        Debug|Any CPU = Debug|Any CPU
        Release|Any CPU = Release|Any CPU
    EndGlobalSection
    GlobalSection(ProjectConfigurationPlatforms) = postSolution
        {31ADC765-3FDF-4A7C-8735-CEA53250024B}.Debug|Any CPU.ActiveCfg = Debug|Any CPU
        {31ADC765-3FDF-4A7C-8735-CEA53250024B}.Debug|Any CPU.Build.0 = Debug|Any CPU
        {31ADC765-3FDF-4A7C-8735-CEA53250024B}.Release|Any CPU.ActiveCfg = Release|Any CPU
        {31ADC765-3FDF-4A7C-8735-CEA53250024B}.Release|Any CPU.Build.0 = Release|Any CPU
        {B7650CE4-6B71-44DD-BD77-9E17A376D5DA}.Debug|Any CPU.ActiveCfg = Debug|Any CPU
        {B7650CE4-6B71-44DD-BD77-9E17A376D5DA}.Debug|Any CPU.Build.0 = Debug|Any CPU
        {B7650CE4-6B71-44DD-BD77-9E17A376D5DA}.Release|Any CPU.ActiveCfg = Release|Any CPU
        {B7650CE4-6B71-44DD-BD77-9E17A376D5DA}.Release|Any CPU.Build.0 = Release|Any CPU
        {1979105A-38DF-424A-81C0-561D9F1FFC60}.Debug|Any CPU.ActiveCfg = Debug|Any CPU
        {1979105A-38DF-424A-81C0-561D9F1FFC60}.Debug|Any CPU.Build.0 = Debug|Any CPU
        {1979105A-38DF-424A-81C0-561D9F1FFC60}.Release|Any CPU.ActiveCfg = Release|Any CPU
        {1979105A-38DF-424A-81C0-561D9F1FFC60}.Release|Any CPU.Build.0 = Release|Any CPU
        {5C7DEBBC-C0BF-4E33-A6D2-9135393DDF9B}.Debug|Any CPU.ActiveCfg = Debug|Any CPU
        {5C7DEBBC-C0BF-4E33-A6D2-9135393DDF9B}.Debug|Any CPU.Build.0 = Debug|Any CPU
        {5C7DEBBC-C0BF-4E33-A6D2-9135393DDF9B}.Release|Any CPU.ActiveCfg = Release|Any CPU
        {5C7DEBBC-C0BF-4E33-A6D2-9135393DDF9B}.Release|Any CPU.Build.0 = Release|Any CPU
        {A89E7C59-9F3F-4170-9B14-24F3F41E3EE8}.Debug|Any CPU.ActiveCfg = Debug|Any CPU
        {A89E7C59-9F3F-4170-9B14-24F3F41E3EE8}.Debug|Any CPU.Build.0 = Debug|Any CPU
        {A89E7C59-9F3F-4170-9B14-24F3F41E3EE8}.Release|Any CPU.ActiveCfg = Release|Any CPU
        {A89E7C59-9F3F-4170-9B14-24F3F41E3EE8}.Release|Any CPU.Build.0 = Release|Any CPU
    EndGlobalSection
EndGlobal
